
Microsoft Visual Studio Solution File, Format Version 12.00
# Visual Studio Version 17
VisualStudioVersion = 17.13.35818.85
MinimumVisualStudioVersion = 10.0.40219.1
Project("{FAE04EC0-301F-11D3-BF4B-00C04F79EFBC}") = "WebAPI", "WebAPI\WebAPI.csproj", "{1F1CC1D2-77BC-4C74-AB3E-D8F99E69B66F}"
EndProject
Project("{FAE04EC0-301F-11D3-BF4B-00C04F79EFBC}") = "WebApp", "WebApp\WebApp.csproj", "{DE8F3D16-61F1-472B-8478-0DB072833ADF}"
EndProject
Project("{FAE04EC0-301F-11D3-BF4B-00C04F79EFBC}") = "Core", "Core\Core.csproj", "{56FEE025-E5DF-4386-8E72-604E432F0797}"
EndProject
Project("{FAE04EC0-301F-11D3-BF4B-00C04F79EFBC}") = "Shared", "Shared\Shared.csproj", "{AA1AB85A-1E3F-4A00-B000-C4EE6FF52E80}"
EndProject
Global
	GlobalSection(SolutionConfigurationPlatforms) = preSolution
		Debug|Any CPU = Debug|Any CPU
		Release|Any CPU = Release|Any CPU
	EndGlobalSection
	GlobalSection(ProjectConfigurationPlatforms) = postSolution
		{1F1CC1D2-77BC-4C74-AB3E-D8F99E69B66F}.Debug|Any CPU.ActiveCfg = Debug|Any CPU
		{1F1CC1D2-77BC-4C74-AB3E-D8F99E69B66F}.Debug|Any CPU.Build.0 = Debug|Any CPU
		{1F1CC1D2-77BC-4C74-AB3E-D8F99E69B66F}.Release|Any CPU.ActiveCfg = Release|Any CPU
		{1F1CC1D2-77BC-4C74-AB3E-D8F99E69B66F}.Release|Any CPU.Build.0 = Release|Any CPU
		{DE8F3D16-61F1-472B-8478-0DB072833ADF}.Debug|Any CPU.ActiveCfg = Debug|Any CPU
		{DE8F3D16-61F1-472B-8478-0DB072833ADF}.Debug|Any CPU.Build.0 = Debug|Any CPU
		{DE8F3D16-61F1-472B-8478-0DB072833ADF}.Release|Any CPU.ActiveCfg = Release|Any CPU
		{DE8F3D16-61F1-472B-8478-0DB072833ADF}.Release|Any CPU.Build.0 = Release|Any CPU
		{56FEE025-E5DF-4386-8E72-604E432F0797}.Debug|Any CPU.ActiveCfg = Debug|Any CPU
		{56FEE025-E5DF-4386-8E72-604E432F0797}.Debug|Any CPU.Build.0 = Debug|Any CPU
		{56FEE025-E5DF-4386-8E72-604E432F0797}.Release|Any CPU.ActiveCfg = Release|Any CPU
		{56FEE025-E5DF-4386-8E72-604E432F0797}.Release|Any CPU.Build.0 = Release|Any CPU
		{AA1AB85A-1E3F-4A00-B000-C4EE6FF52E80}.Debug|Any CPU.ActiveCfg = Debug|Any CPU
		{AA1AB85A-1E3F-4A00-B000-C4EE6FF52E80}.Debug|Any CPU.Build.0 = Debug|Any CPU
		{AA1AB85A-1E3F-4A00-B000-C4EE6FF52E80}.Release|Any CPU.ActiveCfg = Release|Any CPU
		{AA1AB85A-1E3F-4A00-B000-C4EE6FF52E80}.Release|Any CPU.Build.0 = Release|Any CPU
	EndGlobalSection
	GlobalSection(SolutionProperties) = preSolution
		HideSolutionNode = FALSE
	EndGlobalSection
	GlobalSection(ExtensibilityGlobals) = postSolution
		SolutionGuid = {A0380F2D-CFBF-4A31-948B-FF363B737DE6}
	EndGlobalSection
EndGlobal
